
Microsoft Visual Studio Solution File, Format Version 12.00
# Visual Studio Version 16
VisualStudioVersion = 16.0.31025.194
MinimumVisualStudioVersion = 10.0.40219.1
Project("{9A19103F-16F7-4668-BE54-9A1E7A4F7556}") = "UI", "UI\UI.csproj", "{CC050E2F-B967-454A-924B-350CB2778C82}"
EndProject
Project("{FAE04EC0-301F-11D3-BF4B-00C04F79EFBC}") = "GUI", "GUI\GUI.csproj", "{878AE284-6EEB-4808-8907-39054198217D}"
EndProject
Global
	GlobalSection(SolutionConfigurationPlatforms) = preSolution
		Debug|Any CPU = Debug|Any CPU
		Release|Any CPU = Release|Any CPU
	EndGlobalSection
	GlobalSection(ProjectConfigurationPlatforms) = postSolution
		{CC050E2F-B967-454A-924B-350CB2778C82}.Debug|Any CPU.ActiveCfg = Debug|Any CPU
		{CC050E2F-B967-454A-924B-350CB2778C82}.Debug|Any CPU.Build.0 = Debug|Any CPU
		{CC050E2F-B967-454A-924B-350CB2778C82}.Release|Any CPU.ActiveCfg = Release|Any CPU
		{CC050E2F-B967-454A-924B-350CB2778C82}.Release|Any CPU.Build.0 = Release|Any CPU
		{878AE284-6EEB-4808-8907-39054198217D}.Debug|Any CPU.ActiveCfg = Debug|Any CPU
		{878AE284-6EEB-4808-8907-39054198217D}.Debug|Any CPU.Build.0 = Debug|Any CPU
		{878AE284-6EEB-4808-8907-39054198217D}.Release|Any CPU.ActiveCfg = Release|Any CPU
		{878AE284-6EEB-4808-8907-39054198217D}.Release|Any CPU.Build.0 = Release|Any CPU
	EndGlobalSection
	GlobalSection(SolutionProperties) = preSolution
		HideSolutionNode = FALSE
	EndGlobalSection
	GlobalSection(ExtensibilityGlobals) = postSolution
		SolutionGuid = {42815A8E-0DA8-419D-AA07-279D33DC0200}
	EndGlobalSection
EndGlobal
